// !$*UTF8*$!
{
	archiveVersion = 1;
	classes = {
	};
	objectVersion = 56;
	objects = {

/* Begin PBXBuildFile section */
		BF9F840529E2C30F00B337D0 /* ProRepApp.swift in Sources */ = {isa = PBXBuildFile; fileRef = BF9F840429E2C30F00B337D0 /* ProRepApp.swift */; };
		BF9F840729E2C30F00B337D0 /* ContentView.swift in Sources */ = {isa = PBXBuildFile; fileRef = BF9F840629E2C30F00B337D0 /* ContentView.swift */; };
		BF9F840929E2C31000B337D0 /* Assets.xcassets in Resources */ = {isa = PBXBuildFile; fileRef = BF9F840829E2C31000B337D0 /* Assets.xcassets */; };
		BF9F840C29E2C31000B337D0 /* Preview Assets.xcassets in Resources */ = {isa = PBXBuildFile; fileRef = BF9F840B29E2C31000B337D0 /* Preview Assets.xcassets */; };
		BF9F841929E2E13C00B337D0 /* LoginView.swift in Sources */ = {isa = PBXBuildFile; fileRef = BF9F841829E2E13C00B337D0 /* LoginView.swift */; };
		BF9F842429E2E8DE00B337D0 /* UnderlineTextField.swift in Sources */ = {isa = PBXBuildFile; fileRef = BF9F842329E2E8DE00B337D0 /* UnderlineTextField.swift */; };
		BF9F842629E2F14A00B337D0 /* StyledButton.swift in Sources */ = {isa = PBXBuildFile; fileRef = BF9F842529E2F14A00B337D0 /* StyledButton.swift */; };
		BF9F842829E2F4E500B337D0 /* ColorExtensions.swift in Sources */ = {isa = PBXBuildFile; fileRef = BF9F842729E2F4E500B337D0 /* ColorExtensions.swift */; };
/* End PBXBuildFile section */

/* Begin PBXFileReference section */
		BF9F840129E2C30F00B337D0 /* ProRep.app */ = {isa = PBXFileReference; explicitFileType = wrapper.application; includeInIndex = 0; path = ProRep.app; sourceTree = BUILT_PRODUCTS_DIR; };
		BF9F840429E2C30F00B337D0 /* ProRepApp.swift */ = {isa = PBXFileReference; lastKnownFileType = sourcecode.swift; path = ProRepApp.swift; sourceTree = "<group>"; };
		BF9F840629E2C30F00B337D0 /* ContentView.swift */ = {isa = PBXFileReference; lastKnownFileType = sourcecode.swift; path = ContentView.swift; sourceTree = "<group>"; };
		BF9F840829E2C31000B337D0 /* Assets.xcassets */ = {isa = PBXFileReference; lastKnownFileType = folder.assetcatalog; path = Assets.xcassets; sourceTree = "<group>"; };
		BF9F840B29E2C31000B337D0 /* Preview Assets.xcassets */ = {isa = PBXFileReference; lastKnownFileType = folder.assetcatalog; path = "Preview Assets.xcassets"; sourceTree = "<group>"; };
		BF9F841829E2E13C00B337D0 /* LoginView.swift */ = {isa = PBXFileReference; lastKnownFileType = sourcecode.swift; path = LoginView.swift; sourceTree = "<group>"; };
		BF9F842329E2E8DE00B337D0 /* UnderlineTextField.swift */ = {isa = PBXFileReference; lastKnownFileType = sourcecode.swift; path = UnderlineTextField.swift; sourceTree = "<group>"; };
		BF9F842529E2F14A00B337D0 /* StyledButton.swift */ = {isa = PBXFileReference; lastKnownFileType = sourcecode.swift; path = StyledButton.swift; sourceTree = "<group>"; };
		BF9F842729E2F4E500B337D0 /* ColorExtensions.swift */ = {isa = PBXFileReference; lastKnownFileType = sourcecode.swift; path = ColorExtensions.swift; sourceTree = "<group>"; };
/* End PBXFileReference section */

/* Begin PBXFrameworksBuildPhase section */
		BF9F83FE29E2C30F00B337D0 /* Frameworks */ = {
			isa = PBXFrameworksBuildPhase;
			buildActionMask = 2147483647;
			files = (
			);
			runOnlyForDeploymentPostprocessing = 0;
		};
/* End PBXFrameworksBuildPhase section */

/* Begin PBXGroup section */
		BF9F83F829E2C30F00B337D0 = {
			isa = PBXGroup;
			children = (
				BF9F840329E2C30F00B337D0 /* ProRep */,
				BF9F840229E2C30F00B337D0 /* Products */,
			);
			sourceTree = "<group>";
		};
		BF9F840229E2C30F00B337D0 /* Products */ = {
			isa = PBXGroup;
			children = (
				BF9F840129E2C30F00B337D0 /* ProRep.app */,
			);
			name = Products;
			sourceTree = "<group>";
		};
		BF9F840329E2C30F00B337D0 /* ProRep */ = {
			isa = PBXGroup;
			children = (
				BF9F841629E2D2AF00B337D0 /* Helpers */,
				BF9F841529E2D2A500B337D0 /* Services */,
				BF9F841429E2D29F00B337D0 /* Models */,
				BF9F841329E2D29900B337D0 /* ViewModels */,
				BF9F841229E2D28300B337D0 /* Views */,
				BF9F840429E2C30F00B337D0 /* ProRepApp.swift */,
				BF9F840629E2C30F00B337D0 /* ContentView.swift */,
				BF9F840829E2C31000B337D0 /* Assets.xcassets */,
				BF9F840A29E2C31000B337D0 /* Preview Content */,
			);
			path = ProRep;
			sourceTree = "<group>";
		};
		BF9F840A29E2C31000B337D0 /* Preview Content */ = {
			isa = PBXGroup;
			children = (
				BF9F840B29E2C31000B337D0 /* Preview Assets.xcassets */,
			);
			path = "Preview Content";
			sourceTree = "<group>";
		};
		BF9F841229E2D28300B337D0 /* Views */ = {
			isa = PBXGroup;
			children = (
				BF9F842029E2E8A600B337D0 /* Shared */,
				BF9F841729E2E11200B337D0 /* Authentication */,
			);
			path = Views;
			sourceTree = "<group>";
		};
		BF9F841329E2D29900B337D0 /* ViewModels */ = {
			isa = PBXGroup;
			children = (
			);
			path = ViewModels;
			sourceTree = "<group>";
		};
		BF9F841429E2D29F00B337D0 /* Models */ = {
			isa = PBXGroup;
			children = (
			);
			path = Models;
			sourceTree = "<group>";
		};
		BF9F841529E2D2A500B337D0 /* Services */ = {
			isa = PBXGroup;
			children = (
			);
			path = Services;
			sourceTree = "<group>";
		};
		BF9F841629E2D2AF00B337D0 /* Helpers */ = {
			isa = PBXGroup;
			children = (
				BF9F841B29E2E61400B337D0 /* Extensions */,
			);
			path = Helpers;
			sourceTree = "<group>";
		};
		BF9F841729E2E11200B337D0 /* Authentication */ = {
			isa = PBXGroup;
			children = (
				BF9F841829E2E13C00B337D0 /* LoginView.swift */,
			);
			path = Authentication;
			sourceTree = "<group>";
		};
		BF9F841B29E2E61400B337D0 /* Extensions */ = {
			isa = PBXGroup;
			children = (
				BF9F842729E2F4E500B337D0 /* ColorExtensions.swift */,
			);
			path = Extensions;
			sourceTree = "<group>";
		};
		BF9F842029E2E8A600B337D0 /* Shared */ = {
			isa = PBXGroup;
			children = (
				BF9F842329E2E8DE00B337D0 /* UnderlineTextField.swift */,
				BF9F842529E2F14A00B337D0 /* StyledButton.swift */,
			);
			path = Shared;
			sourceTree = "<group>";
		};
/* End PBXGroup section */

/* Begin PBXNativeTarget section */
		BF9F840029E2C30F00B337D0 /* ProRep */ = {
			isa = PBXNativeTarget;
			buildConfigurationList = BF9F840F29E2C31000B337D0 /* Build configuration list for PBXNativeTarget "ProRep" */;
			buildPhases = (
				BF9F83FD29E2C30F00B337D0 /* Sources */,
				BF9F83FE29E2C30F00B337D0 /* Frameworks */,
				BF9F83FF29E2C30F00B337D0 /* Resources */,
			);
			buildRules = (
			);
			dependencies = (
			);
			name = ProRep;
			productName = ProRep;
			productReference = BF9F840129E2C30F00B337D0 /* ProRep.app */;
			productType = "com.apple.product-type.application";
		};
/* End PBXNativeTarget section */

/* Begin PBXProject section */
		BF9F83F929E2C30F00B337D0 /* Project object */ = {
			isa = PBXProject;
			attributes = {
				BuildIndependentTargetsInParallel = 1;
				LastSwiftUpdateCheck = 1430;
				LastUpgradeCheck = 1430;
				TargetAttributes = {
					BF9F840029E2C30F00B337D0 = {
						CreatedOnToolsVersion = 14.3;
					};
				};
			};
			buildConfigurationList = BF9F83FC29E2C30F00B337D0 /* Build configuration list for PBXProject "ProRep" */;
			compatibilityVersion = "Xcode 14.0";
			developmentRegion = en;
			hasScannedForEncodings = 0;
			knownRegions = (
				en,
				Base,
			);
			mainGroup = BF9F83F829E2C30F00B337D0;
			productRefGroup = BF9F840229E2C30F00B337D0 /* Products */;
			projectDirPath = "";
			projectRoot = "";
			targets = (
				BF9F840029E2C30F00B337D0 /* ProRep */,
			);
		};
/* End PBXProject section */

/* Begin PBXResourcesBuildPhase section */
		BF9F83FF29E2C30F00B337D0 /* Resources */ = {
			isa = PBXResourcesBuildPhase;
			buildActionMask = 2147483647;
			files = (
				BF9F840C29E2C31000B337D0 /* Preview Assets.xcassets in Resources */,
				BF9F840929E2C31000B337D0 /* Assets.xcassets in Resources */,
			);
			runOnlyForDeploymentPostprocessing = 0;
		};
/* End PBXResourcesBuildPhase section */

/* Begin PBXSourcesBuildPhase section */
		BF9F83FD29E2C30F00B337D0 /* Sources */ = {
			isa = PBXSourcesBuildPhase;
			buildActionMask = 2147483647;
			files = (
				BF9F842629E2F14A00B337D0 /* StyledButton.swift in Sources */,
				BF9F842429E2E8DE00B337D0 /* UnderlineTextField.swift in Sources */,
				BF9F841929E2E13C00B337D0 /* LoginView.swift in Sources */,
				BF9F840729E2C30F00B337D0 /* ContentView.swift in Sources */,
				BF9F840529E2C30F00B337D0 /* ProRepApp.swift in Sources */,
				BF9F842829E2F4E500B337D0 /* ColorExtensions.swift in Sources */,
			);
			runOnlyForDeploymentPostprocessing = 0;
		};
/* End PBXSourcesBuildPhase section */

/* Begin XCBuildConfiguration section */
		BF9F840D29E2C31000B337D0 /* Debug */ = {
			isa = XCBuildConfiguration;
			buildSettings = {
				ALWAYS_SEARCH_USER_PATHS = NO;
				CLANG_ANALYZER_NONNULL = YES;
				CLANG_ANALYZER_NUMBER_OBJECT_CONVERSION = YES_AGGRESSIVE;
				CLANG_CXX_LANGUAGE_STANDARD = "gnu++20";
				CLANG_ENABLE_MODULES = YES;
				CLANG_ENABLE_OBJC_ARC = YES;
				CLANG_ENABLE_OBJC_WEAK = YES;
				CLANG_WARN_BLOCK_CAPTURE_AUTORELEASING = YES;
				CLANG_WARN_BOOL_CONVERSION = YES;
				CLANG_WARN_COMMA = YES;
				CLANG_WARN_CONSTANT_CONVERSION = YES;
				CLANG_WARN_DEPRECATED_OBJC_IMPLEMENTATIONS = YES;
				CLANG_WARN_DIRECT_OBJC_ISA_USAGE = YES_ERROR;
				CLANG_WARN_DOCUMENTATION_COMMENTS = YES;
				CLANG_WARN_EMPTY_BODY = YES;
				CLANG_WARN_ENUM_CONVERSION = YES;
				CLANG_WARN_INFINITE_RECURSION = YES;
				CLANG_WARN_INT_CONVERSION = YES;
				CLANG_WARN_NON_LITERAL_NULL_CONVERSION = YES;
				CLANG_WARN_OBJC_IMPLICIT_RETAIN_SELF = YES;
				CLANG_WARN_OBJC_LITERAL_CONVERSION = YES;
				CLANG_WARN_OBJC_ROOT_CLASS = YES_ERROR;
				CLANG_WARN_QUOTED_INCLUDE_IN_FRAMEWORK_HEADER = YES;
				CLANG_WARN_RANGE_LOOP_ANALYSIS = YES;
				CLANG_WARN_STRICT_PROTOTYPES = YES;
				CLANG_WARN_SUSPICIOUS_MOVE = YES;
				CLANG_WARN_UNGUARDED_AVAILABILITY = YES_AGGRESSIVE;
				CLANG_WARN_UNREACHABLE_CODE = YES;
				CLANG_WARN__DUPLICATE_METHOD_MATCH = YES;
				COPY_PHASE_STRIP = NO;
				DEBUG_INFORMATION_FORMAT = dwarf;
				ENABLE_STRICT_OBJC_MSGSEND = YES;
				ENABLE_TESTABILITY = YES;
				GCC_C_LANGUAGE_STANDARD = gnu11;
				GCC_DYNAMIC_NO_PIC = NO;
				GCC_NO_COMMON_BLOCKS = YES;
				GCC_OPTIMIZATION_LEVEL = 0;
				GCC_PREPROCESSOR_DEFINITIONS = (
					"DEBUG=1",
					"$(inherited)",
				);
				GCC_WARN_64_TO_32_BIT_CONVERSION = YES;
				GCC_WARN_ABOUT_RETURN_TYPE = YES_ERROR;
				GCC_WARN_UNDECLARED_SELECTOR = YES;
				GCC_WARN_UNINITIALIZED_AUTOS = YES_AGGRESSIVE;
				GCC_WARN_UNUSED_FUNCTION = YES;
				GCC_WARN_UNUSED_VARIABLE = YES;
				IPHONEOS_DEPLOYMENT_TARGET = 16.4;
				MTL_ENABLE_DEBUG_INFO = INCLUDE_SOURCE;
				MTL_FAST_MATH = YES;
				ONLY_ACTIVE_ARCH = YES;
				SDKROOT = iphoneos;
				SWIFT_ACTIVE_COMPILATION_CONDITIONS = DEBUG;
				SWIFT_OPTIMIZATION_LEVEL = "-Onone";
			};
			name = Debug;
		};
		BF9F840E29E2C31000B337D0 /* Release */ = {
			isa = XCBuildConfiguration;
			buildSettings = {
				ALWAYS_SEARCH_USER_PATHS = NO;
				CLANG_ANALYZER_NONNULL = YES;
				CLANG_ANALYZER_NUMBER_OBJECT_CONVERSION = YES_AGGRESSIVE;
				CLANG_CXX_LANGUAGE_STANDARD = "gnu++20";
				CLANG_ENABLE_MODULES = YES;
				CLANG_ENABLE_OBJC_ARC = YES;
				CLANG_ENABLE_OBJC_WEAK = YES;
				CLANG_WARN_BLOCK_CAPTURE_AUTORELEASING = YES;
				CLANG_WARN_BOOL_CONVERSION = YES;
				CLANG_WARN_COMMA = YES;
				CLANG_WARN_CONSTANT_CONVERSION = YES;
				CLANG_WARN_DEPRECATED_OBJC_IMPLEMENTATIONS = YES;
				CLANG_WARN_DIRECT_OBJC_ISA_USAGE = YES_ERROR;
				CLANG_WARN_DOCUMENTATION_COMMENTS = YES;
				CLANG_WARN_EMPTY_BODY = YES;
				CLANG_WARN_ENUM_CONVERSION = YES;
				CLANG_WARN_INFINITE_RECURSION = YES;
				CLANG_WARN_INT_CONVERSION = YES;
				CLANG_WARN_NON_LITERAL_NULL_CONVERSION = YES;
				CLANG_WARN_OBJC_IMPLICIT_RETAIN_SELF = YES;
				CLANG_WARN_OBJC_LITERAL_CONVERSION = YES;
				CLANG_WARN_OBJC_ROOT_CLASS = YES_ERROR;
				CLANG_WARN_QUOTED_INCLUDE_IN_FRAMEWORK_HEADER = YES;
				CLANG_WARN_RANGE_LOOP_ANALYSIS = YES;
				CLANG_WARN_STRICT_PROTOTYPES = YES;
				CLANG_WARN_SUSPICIOUS_MOVE = YES;
				CLANG_WARN_UNGUARDED_AVAILABILITY = YES_AGGRESSIVE;
				CLANG_WARN_UNREACHABLE_CODE = YES;
				CLANG_WARN__DUPLICATE_METHOD_MATCH = YES;
				COPY_PHASE_STRIP = NO;
				DEBUG_INFORMATION_FORMAT = "dwarf-with-dsym";
				ENABLE_NS_ASSERTIONS = NO;
				ENABLE_STRICT_OBJC_MSGSEND = YES;
				GCC_C_LANGUAGE_STANDARD = gnu11;
				GCC_NO_COMMON_BLOCKS = YES;
				GCC_WARN_64_TO_32_BIT_CONVERSION = YES;
				GCC_WARN_ABOUT_RETURN_TYPE = YES_ERROR;
				GCC_WARN_UNDECLARED_SELECTOR = YES;
				GCC_WARN_UNINITIALIZED_AUTOS = YES_AGGRESSIVE;
				GCC_WARN_UNUSED_FUNCTION = YES;
				GCC_WARN_UNUSED_VARIABLE = YES;
				IPHONEOS_DEPLOYMENT_TARGET = 16.4;
				MTL_ENABLE_DEBUG_INFO = NO;
				MTL_FAST_MATH = YES;
				SDKROOT = iphoneos;
				SWIFT_COMPILATION_MODE = wholemodule;
				SWIFT_OPTIMIZATION_LEVEL = "-O";
				VALIDATE_PRODUCT = YES;
			};
			name = Release;
		};
		BF9F841029E2C31000B337D0 /* Debug */ = {
			isa = XCBuildConfiguration;
			buildSettings = {
				ASSETCATALOG_COMPILER_APPICON_NAME = AppIcon;
				ASSETCATALOG_COMPILER_GLOBAL_ACCENT_COLOR_NAME = AccentColor;
				CODE_SIGN_STYLE = Automatic;
				CURRENT_PROJECT_VERSION = 1;
				DEVELOPMENT_ASSET_PATHS = "\"ProRep/Preview Content\"";
				DEVELOPMENT_TEAM = DFQ436LQY9;
				ENABLE_PREVIEWS = YES;
				GENERATE_INFOPLIST_FILE = YES;
				INFOPLIST_KEY_UIApplicationSceneManifest_Generation = YES;
				INFOPLIST_KEY_UIApplicationSupportsIndirectInputEvents = YES;
				INFOPLIST_KEY_UILaunchScreen_Generation = YES;
				INFOPLIST_KEY_UISupportedInterfaceOrientations_iPad = "UIInterfaceOrientationPortrait UIInterfaceOrientationPortraitUpsideDown UIInterfaceOrientationLandscapeLeft UIInterfaceOrientationLandscapeRight";
				INFOPLIST_KEY_UISupportedInterfaceOrientations_iPhone = "UIInterfaceOrientationPortrait UIInterfaceOrientationLandscapeLeft UIInterfaceOrientationLandscapeRight";
				LD_RUNPATH_SEARCH_PATHS = (
					"$(inherited)",
					"@executable_path/Frameworks",
				);
				MARKETING_VERSION = 1.0;
				PRODUCT_BUNDLE_IDENTIFIER = com.qiangloozen.ProRep;
				PRODUCT_NAME = "$(TARGET_NAME)";
				SWIFT_EMIT_LOC_STRINGS = YES;
				SWIFT_VERSION = 5.0;
				TARGETED_DEVICE_FAMILY = "1,2";
			};
			name = Debug;
		};
		BF9F841129E2C31000B337D0 /* Release */ = {
			isa = XCBuildConfiguration;
			buildSettings = {
				ASSETCATALOG_COMPILER_APPICON_NAME = AppIcon;
				ASSETCATALOG_COMPILER_GLOBAL_ACCENT_COLOR_NAME = AccentColor;
				CODE_SIGN_STYLE = Automatic;
				CURRENT_PROJECT_VERSION = 1;
				DEVELOPMENT_ASSET_PATHS = "\"ProRep/Preview Content\"";
				DEVELOPMENT_TEAM = DFQ436LQY9;
				ENABLE_PREVIEWS = YES;
				GENERATE_INFOPLIST_FILE = YES;
				INFOPLIST_KEY_UIApplicationSceneManifest_Generation = YES;
				INFOPLIST_KEY_UIApplicationSupportsIndirectInputEvents = YES;
				INFOPLIST_KEY_UILaunchScreen_Generation = YES;
				INFOPLIST_KEY_UISupportedInterfaceOrientations_iPad = "UIInterfaceOrientationPortrait UIInterfaceOrientationPortraitUpsideDown UIInterfaceOrientationLandscapeLeft UIInterfaceOrientationLandscapeRight";
				INFOPLIST_KEY_UISupportedInterfaceOrientations_iPhone = "UIInterfaceOrientationPortrait UIInterfaceOrientationLandscapeLeft UIInterfaceOrientationLandscapeRight";
				LD_RUNPATH_SEARCH_PATHS = (
					"$(inherited)",
					"@executable_path/Frameworks",
				);
				MARKETING_VERSION = 1.0;
				PRODUCT_BUNDLE_IDENTIFIER = com.qiangloozen.ProRep;
				PRODUCT_NAME = "$(TARGET_NAME)";
				SWIFT_EMIT_LOC_STRINGS = YES;
				SWIFT_VERSION = 5.0;
				TARGETED_DEVICE_FAMILY = "1,2";
			};
			name = Release;
		};
/* End XCBuildConfiguration section */

/* Begin XCConfigurationList section */
		BF9F83FC29E2C30F00B337D0 /* Build configuration list for PBXProject "ProRep" */ = {
			isa = XCConfigurationList;
			buildConfigurations = (
				BF9F840D29E2C31000B337D0 /* Debug */,
				BF9F840E29E2C31000B337D0 /* Release */,
			);
			defaultConfigurationIsVisible = 0;
			defaultConfigurationName = Release;
		};
		BF9F840F29E2C31000B337D0 /* Build configuration list for PBXNativeTarget "ProRep" */ = {
			isa = XCConfigurationList;
			buildConfigurations = (
				BF9F841029E2C31000B337D0 /* Debug */,
				BF9F841129E2C31000B337D0 /* Release */,
			);
			defaultConfigurationIsVisible = 0;
			defaultConfigurationName = Release;
		};
/* End XCConfigurationList section */
	};
	rootObject = BF9F83F929E2C30F00B337D0 /* Project object */;
}
