// !$*UTF8*$!
{
	archiveVersion = 1;
	classes = {
	};
	objectVersion = 56;
	objects = {

/* Begin PBXBuildFile section */
		BF028AE329E4A419003B3338 /* SignInWithEmail.swift in Sources */ = {isa = PBXBuildFile; fileRef = BF028AE229E4A419003B3338 /* SignInWithEmail.swift */; };
		BF028AE529E4A570003B3338 /* CustomErrors.swift in Sources */ = {isa = PBXBuildFile; fileRef = BF028AE429E4A570003B3338 /* CustomErrors.swift */; };
		BF0A0D3529F309CA0061C982 /* DateExtensions.swift in Sources */ = {isa = PBXBuildFile; fileRef = BF0A0D3429F309CA0061C982 /* DateExtensions.swift */; };
		BF2DFC3929E4AF2900E58DE7 /* RegistrationViewModel.swift in Sources */ = {isa = PBXBuildFile; fileRef = BF2DFC3829E4AF2900E58DE7 /* RegistrationViewModel.swift */; };
		BF2DFC3B29E4AF3A00E58DE7 /* RegistrationForumViewModel.swift in Sources */ = {isa = PBXBuildFile; fileRef = BF2DFC3A29E4AF3A00E58DE7 /* RegistrationForumViewModel.swift */; };
		BF2DFC3E29E54BDE00E58DE7 /* Validate.swift in Sources */ = {isa = PBXBuildFile; fileRef = BF2DFC3D29E54BDE00E58DE7 /* Validate.swift */; };
		BF31097329E359FD004C673D /* CurrentUserDefaults.swift in Sources */ = {isa = PBXBuildFile; fileRef = BF31097229E359FD004C673D /* CurrentUserDefaults.swift */; };
		BF31097529E3652D004C673D /* LoginViewModel.swift in Sources */ = {isa = PBXBuildFile; fileRef = BF31097429E3652D004C673D /* LoginViewModel.swift */; };
		BF31097729E36E53004C673D /* UserService.swift in Sources */ = {isa = PBXBuildFile; fileRef = BF31097629E36E53004C673D /* UserService.swift */; };
		BF31097929E3F9AC004C673D /* UserModel.swift in Sources */ = {isa = PBXBuildFile; fileRef = BF31097829E3F9AC004C673D /* UserModel.swift */; };
		BF31097B29E3FCE7004C673D /* RegistrationForum.swift in Sources */ = {isa = PBXBuildFile; fileRef = BF31097A29E3FCE7004C673D /* RegistrationForum.swift */; };
		BF89E4CB29E9744B00B77FD0 /* DashboardView.swift in Sources */ = {isa = PBXBuildFile; fileRef = BF89E4CA29E9744B00B77FD0 /* DashboardView.swift */; };
		BF89E4CD29E9839500B77FD0 /* DayButton.swift in Sources */ = {isa = PBXBuildFile; fileRef = BF89E4CC29E9839500B77FD0 /* DayButton.swift */; };
		BF93525D29EBF32800B54FE5 /* DashboardViewModel.swift in Sources */ = {isa = PBXBuildFile; fileRef = BF93525C29EBF32800B54FE5 /* DashboardViewModel.swift */; };
		BF93526229EBF96F00B54FE5 /* ExerciseGroupModel.swift in Sources */ = {isa = PBXBuildFile; fileRef = BF93526129EBF96F00B54FE5 /* ExerciseGroupModel.swift */; };
		BF9EC18529E30F29004CE411 /* RegistrationView.swift in Sources */ = {isa = PBXBuildFile; fileRef = BF9EC18429E30F29004CE411 /* RegistrationView.swift */; };
		BF9EC18729E328D2004CE411 /* PasswordField.swift in Sources */ = {isa = PBXBuildFile; fileRef = BF9EC18629E328D2004CE411 /* PasswordField.swift */; };
		BF9EC18F29E335CF004CE411 /* GoogleService-Info.plist in Resources */ = {isa = PBXBuildFile; fileRef = BF9EC18E29E335CF004CE411 /* GoogleService-Info.plist */; };
		BF9EC19229E33692004CE411 /* FirebaseAnalytics in Frameworks */ = {isa = PBXBuildFile; productRef = BF9EC19129E33692004CE411 /* FirebaseAnalytics */; };
		BF9EC19429E33692004CE411 /* FirebaseAnalyticsSwift in Frameworks */ = {isa = PBXBuildFile; productRef = BF9EC19329E33692004CE411 /* FirebaseAnalyticsSwift */; };
		BF9EC19629E33692004CE411 /* FirebaseAuth in Frameworks */ = {isa = PBXBuildFile; productRef = BF9EC19529E33692004CE411 /* FirebaseAuth */; };
		BF9EC19829E33692004CE411 /* FirebaseFirestore in Frameworks */ = {isa = PBXBuildFile; productRef = BF9EC19729E33692004CE411 /* FirebaseFirestore */; };
		BF9EC19A29E33692004CE411 /* FirebaseFirestoreSwift in Frameworks */ = {isa = PBXBuildFile; productRef = BF9EC19929E33692004CE411 /* FirebaseFirestoreSwift */; };
		BF9EC19C29E33692004CE411 /* FirebaseStorage in Frameworks */ = {isa = PBXBuildFile; productRef = BF9EC19B29E33692004CE411 /* FirebaseStorage */; };
		BF9EC19F29E33821004CE411 /* SignInWithGoogle.swift in Sources */ = {isa = PBXBuildFile; fileRef = BF9EC19E29E33821004CE411 /* SignInWithGoogle.swift */; };
		BF9EC1A229E33A6C004CE411 /* GoogleSignIn in Frameworks */ = {isa = PBXBuildFile; productRef = BF9EC1A129E33A6C004CE411 /* GoogleSignIn */; };
		BF9EC1A429E33A6C004CE411 /* GoogleSignInSwift in Frameworks */ = {isa = PBXBuildFile; productRef = BF9EC1A329E33A6C004CE411 /* GoogleSignInSwift */; };
		BF9EC1A729E348A5004CE411 /* AuthService.swift in Sources */ = {isa = PBXBuildFile; fileRef = BF9EC1A629E348A5004CE411 /* AuthService.swift */; };
		BF9F840529E2C30F00B337D0 /* ProRepApp.swift in Sources */ = {isa = PBXBuildFile; fileRef = BF9F840429E2C30F00B337D0 /* ProRepApp.swift */; };
		BF9F840729E2C30F00B337D0 /* ContentView.swift in Sources */ = {isa = PBXBuildFile; fileRef = BF9F840629E2C30F00B337D0 /* ContentView.swift */; };
		BF9F840929E2C31000B337D0 /* Assets.xcassets in Resources */ = {isa = PBXBuildFile; fileRef = BF9F840829E2C31000B337D0 /* Assets.xcassets */; };
		BF9F840C29E2C31000B337D0 /* Preview Assets.xcassets in Resources */ = {isa = PBXBuildFile; fileRef = BF9F840B29E2C31000B337D0 /* Preview Assets.xcassets */; };
		BF9F841929E2E13C00B337D0 /* LoginView.swift in Sources */ = {isa = PBXBuildFile; fileRef = BF9F841829E2E13C00B337D0 /* LoginView.swift */; };
		BF9F842429E2E8DE00B337D0 /* UnderlineTextField.swift in Sources */ = {isa = PBXBuildFile; fileRef = BF9F842329E2E8DE00B337D0 /* UnderlineTextField.swift */; };
		BF9F842629E2F14A00B337D0 /* StyledButton.swift in Sources */ = {isa = PBXBuildFile; fileRef = BF9F842529E2F14A00B337D0 /* StyledButton.swift */; };
		BF9F842829E2F4E500B337D0 /* ColorExtensions.swift in Sources */ = {isa = PBXBuildFile; fileRef = BF9F842729E2F4E500B337D0 /* ColorExtensions.swift */; };
		BFEA095A29EC420A0075C4CB /* ScheduleService.swift in Sources */ = {isa = PBXBuildFile; fileRef = BFEA095929EC420A0075C4CB /* ScheduleService.swift */; };
/* End PBXBuildFile section */

/* Begin PBXFileReference section */
		BF028AE229E4A419003B3338 /* SignInWithEmail.swift */ = {isa = PBXFileReference; lastKnownFileType = sourcecode.swift; path = SignInWithEmail.swift; sourceTree = "<group>"; };
		BF028AE429E4A570003B3338 /* CustomErrors.swift */ = {isa = PBXFileReference; lastKnownFileType = sourcecode.swift; path = CustomErrors.swift; sourceTree = "<group>"; };
		BF0A0D3429F309CA0061C982 /* DateExtensions.swift */ = {isa = PBXFileReference; lastKnownFileType = sourcecode.swift; path = DateExtensions.swift; sourceTree = "<group>"; };
		BF2DFC3829E4AF2900E58DE7 /* RegistrationViewModel.swift */ = {isa = PBXFileReference; lastKnownFileType = sourcecode.swift; path = RegistrationViewModel.swift; sourceTree = "<group>"; };
		BF2DFC3A29E4AF3A00E58DE7 /* RegistrationForumViewModel.swift */ = {isa = PBXFileReference; lastKnownFileType = sourcecode.swift; path = RegistrationForumViewModel.swift; sourceTree = "<group>"; };
		BF2DFC3D29E54BDE00E58DE7 /* Validate.swift */ = {isa = PBXFileReference; lastKnownFileType = sourcecode.swift; path = Validate.swift; sourceTree = "<group>"; };
		BF31097229E359FD004C673D /* CurrentUserDefaults.swift */ = {isa = PBXFileReference; lastKnownFileType = sourcecode.swift; path = CurrentUserDefaults.swift; sourceTree = "<group>"; };
		BF31097429E3652D004C673D /* LoginViewModel.swift */ = {isa = PBXFileReference; lastKnownFileType = sourcecode.swift; path = LoginViewModel.swift; sourceTree = "<group>"; };
		BF31097629E36E53004C673D /* UserService.swift */ = {isa = PBXFileReference; lastKnownFileType = sourcecode.swift; path = UserService.swift; sourceTree = "<group>"; };
		BF31097829E3F9AC004C673D /* UserModel.swift */ = {isa = PBXFileReference; lastKnownFileType = sourcecode.swift; path = UserModel.swift; sourceTree = "<group>"; };
		BF31097A29E3FCE7004C673D /* RegistrationForum.swift */ = {isa = PBXFileReference; lastKnownFileType = sourcecode.swift; path = RegistrationForum.swift; sourceTree = "<group>"; };
		BF89E4CA29E9744B00B77FD0 /* DashboardView.swift */ = {isa = PBXFileReference; lastKnownFileType = sourcecode.swift; path = DashboardView.swift; sourceTree = "<group>"; };
		BF89E4CC29E9839500B77FD0 /* DayButton.swift */ = {isa = PBXFileReference; lastKnownFileType = sourcecode.swift; path = DayButton.swift; sourceTree = "<group>"; };
		BF93525C29EBF32800B54FE5 /* DashboardViewModel.swift */ = {isa = PBXFileReference; lastKnownFileType = sourcecode.swift; path = DashboardViewModel.swift; sourceTree = "<group>"; };
		BF93526129EBF96F00B54FE5 /* ExerciseGroupModel.swift */ = {isa = PBXFileReference; lastKnownFileType = sourcecode.swift; path = ExerciseGroupModel.swift; sourceTree = "<group>"; };
		BF9EC18429E30F29004CE411 /* RegistrationView.swift */ = {isa = PBXFileReference; lastKnownFileType = sourcecode.swift; path = RegistrationView.swift; sourceTree = "<group>"; };
		BF9EC18629E328D2004CE411 /* PasswordField.swift */ = {isa = PBXFileReference; lastKnownFileType = sourcecode.swift; path = PasswordField.swift; sourceTree = "<group>"; };
		BF9EC18E29E335CF004CE411 /* GoogleService-Info.plist */ = {isa = PBXFileReference; fileEncoding = 4; lastKnownFileType = text.plist.xml; path = "GoogleService-Info.plist"; sourceTree = "<group>"; };
		BF9EC19E29E33821004CE411 /* SignInWithGoogle.swift */ = {isa = PBXFileReference; lastKnownFileType = sourcecode.swift; path = SignInWithGoogle.swift; sourceTree = "<group>"; };
		BF9EC1A529E33AA1004CE411 /* Info.plist */ = {isa = PBXFileReference; lastKnownFileType = text.plist; path = Info.plist; sourceTree = "<group>"; };
		BF9EC1A629E348A5004CE411 /* AuthService.swift */ = {isa = PBXFileReference; lastKnownFileType = sourcecode.swift; path = AuthService.swift; sourceTree = "<group>"; };
		BF9F840129E2C30F00B337D0 /* ProRep.app */ = {isa = PBXFileReference; explicitFileType = wrapper.application; includeInIndex = 0; path = ProRep.app; sourceTree = BUILT_PRODUCTS_DIR; };
		BF9F840429E2C30F00B337D0 /* ProRepApp.swift */ = {isa = PBXFileReference; lastKnownFileType = sourcecode.swift; path = ProRepApp.swift; sourceTree = "<group>"; };
		BF9F840629E2C30F00B337D0 /* ContentView.swift */ = {isa = PBXFileReference; lastKnownFileType = sourcecode.swift; path = ContentView.swift; sourceTree = "<group>"; };
		BF9F840829E2C31000B337D0 /* Assets.xcassets */ = {isa = PBXFileReference; lastKnownFileType = folder.assetcatalog; path = Assets.xcassets; sourceTree = "<group>"; };
		BF9F840B29E2C31000B337D0 /* Preview Assets.xcassets */ = {isa = PBXFileReference; lastKnownFileType = folder.assetcatalog; path = "Preview Assets.xcassets"; sourceTree = "<group>"; };
		BF9F841829E2E13C00B337D0 /* LoginView.swift */ = {isa = PBXFileReference; lastKnownFileType = sourcecode.swift; path = LoginView.swift; sourceTree = "<group>"; };
		BF9F842329E2E8DE00B337D0 /* UnderlineTextField.swift */ = {isa = PBXFileReference; lastKnownFileType = sourcecode.swift; path = UnderlineTextField.swift; sourceTree = "<group>"; };
		BF9F842529E2F14A00B337D0 /* StyledButton.swift */ = {isa = PBXFileReference; lastKnownFileType = sourcecode.swift; path = StyledButton.swift; sourceTree = "<group>"; };
		BF9F842729E2F4E500B337D0 /* ColorExtensions.swift */ = {isa = PBXFileReference; lastKnownFileType = sourcecode.swift; path = ColorExtensions.swift; sourceTree = "<group>"; };
		BFEA095929EC420A0075C4CB /* ScheduleService.swift */ = {isa = PBXFileReference; lastKnownFileType = sourcecode.swift; path = ScheduleService.swift; sourceTree = "<group>"; };
/* End PBXFileReference section */

/* Begin PBXFrameworksBuildPhase section */
		BF9F83FE29E2C30F00B337D0 /* Frameworks */ = {
			isa = PBXFrameworksBuildPhase;
			buildActionMask = 2147483647;
			files = (
				BF9EC19A29E33692004CE411 /* FirebaseFirestoreSwift in Frameworks */,
				BF9EC19429E33692004CE411 /* FirebaseAnalyticsSwift in Frameworks */,
				BF9EC19829E33692004CE411 /* FirebaseFirestore in Frameworks */,
				BF9EC1A429E33A6C004CE411 /* GoogleSignInSwift in Frameworks */,
				BF9EC19629E33692004CE411 /* FirebaseAuth in Frameworks */,
				BF9EC19229E33692004CE411 /* FirebaseAnalytics in Frameworks */,
				BF9EC19C29E33692004CE411 /* FirebaseStorage in Frameworks */,
				BF9EC1A229E33A6C004CE411 /* GoogleSignIn in Frameworks */,
			);
			runOnlyForDeploymentPostprocessing = 0;
		};
/* End PBXFrameworksBuildPhase section */

/* Begin PBXGroup section */
		BF31096F29E35481004C673D /* Enums */ = {
			isa = PBXGroup;
			children = (
				BF31097229E359FD004C673D /* CurrentUserDefaults.swift */,
				BF028AE429E4A570003B3338 /* CustomErrors.swift */,
			);
			path = Enums;
			sourceTree = "<group>";
		};
		BF89E4C929E9743B00B77FD0 /* Dashboard */ = {
			isa = PBXGroup;
			children = (
				BF89E4CA29E9744B00B77FD0 /* DashboardView.swift */,
				BF89E4CC29E9839500B77FD0 /* DayButton.swift */,
			);
			path = Dashboard;
			sourceTree = "<group>";
		};
		BF93525A29EBF2F600B54FE5 /* Authentication */ = {
			isa = PBXGroup;
			children = (
				BF31097429E3652D004C673D /* LoginViewModel.swift */,
				BF2DFC3829E4AF2900E58DE7 /* RegistrationViewModel.swift */,
				BF2DFC3A29E4AF3A00E58DE7 /* RegistrationForumViewModel.swift */,
			);
			path = Authentication;
			sourceTree = "<group>";
		};
		BF93525B29EBF30700B54FE5 /* Dashboard */ = {
			isa = PBXGroup;
			children = (
				BF93525C29EBF32800B54FE5 /* DashboardViewModel.swift */,
			);
			path = Dashboard;
			sourceTree = "<group>";
		};
		BF9EC19D29E337EE004CE411 /* SignInProviders */ = {
			isa = PBXGroup;
			children = (
				BF9EC19E29E33821004CE411 /* SignInWithGoogle.swift */,
				BF028AE229E4A419003B3338 /* SignInWithEmail.swift */,
			);
			path = SignInProviders;
			sourceTree = "<group>";
		};
		BF9F83F829E2C30F00B337D0 = {
			isa = PBXGroup;
			children = (
				BF9F840329E2C30F00B337D0 /* ProRep */,
				BF9F840229E2C30F00B337D0 /* Products */,
			);
			sourceTree = "<group>";
		};
		BF9F840229E2C30F00B337D0 /* Products */ = {
			isa = PBXGroup;
			children = (
				BF9F840129E2C30F00B337D0 /* ProRep.app */,
			);
			name = Products;
			sourceTree = "<group>";
		};
		BF9F840329E2C30F00B337D0 /* ProRep */ = {
			isa = PBXGroup;
			children = (
				BF9EC1A529E33AA1004CE411 /* Info.plist */,
				BF9EC18E29E335CF004CE411 /* GoogleService-Info.plist */,
				BF9F841629E2D2AF00B337D0 /* Helpers */,
				BF9F841529E2D2A500B337D0 /* Services */,
				BF9F841429E2D29F00B337D0 /* Models */,
				BF9F841329E2D29900B337D0 /* ViewModels */,
				BF9F841229E2D28300B337D0 /* Views */,
				BF9F840429E2C30F00B337D0 /* ProRepApp.swift */,
				BF9F840629E2C30F00B337D0 /* ContentView.swift */,
				BF9F840829E2C31000B337D0 /* Assets.xcassets */,
				BF9F840A29E2C31000B337D0 /* Preview Content */,
			);
			path = ProRep;
			sourceTree = "<group>";
		};
		BF9F840A29E2C31000B337D0 /* Preview Content */ = {
			isa = PBXGroup;
			children = (
				BF9F840B29E2C31000B337D0 /* Preview Assets.xcassets */,
			);
			path = "Preview Content";
			sourceTree = "<group>";
		};
		BF9F841229E2D28300B337D0 /* Views */ = {
			isa = PBXGroup;
			children = (
				BF89E4C929E9743B00B77FD0 /* Dashboard */,
				BF9F842029E2E8A600B337D0 /* Shared */,
				BF9F841729E2E11200B337D0 /* Authentication */,
			);
			path = Views;
			sourceTree = "<group>";
		};
		BF9F841329E2D29900B337D0 /* ViewModels */ = {
			isa = PBXGroup;
			children = (
				BF93525B29EBF30700B54FE5 /* Dashboard */,
				BF93525A29EBF2F600B54FE5 /* Authentication */,
			);
			path = ViewModels;
			sourceTree = "<group>";
		};
		BF9F841429E2D29F00B337D0 /* Models */ = {
			isa = PBXGroup;
			children = (
				BF31097829E3F9AC004C673D /* UserModel.swift */,
				BF93526129EBF96F00B54FE5 /* ExerciseGroupModel.swift */,
			);
			path = Models;
			sourceTree = "<group>";
		};
		BF9F841529E2D2A500B337D0 /* Services */ = {
			isa = PBXGroup;
			children = (
				BF9EC19D29E337EE004CE411 /* SignInProviders */,
				BF9EC1A629E348A5004CE411 /* AuthService.swift */,
				BF31097629E36E53004C673D /* UserService.swift */,
				BFEA095929EC420A0075C4CB /* ScheduleService.swift */,
			);
			path = Services;
			sourceTree = "<group>";
		};
		BF9F841629E2D2AF00B337D0 /* Helpers */ = {
			isa = PBXGroup;
			children = (
				BF31096F29E35481004C673D /* Enums */,
				BF9F841B29E2E61400B337D0 /* Extensions */,
				BF2DFC3D29E54BDE00E58DE7 /* Validate.swift */,
			);
			path = Helpers;
			sourceTree = "<group>";
		};
		BF9F841729E2E11200B337D0 /* Authentication */ = {
			isa = PBXGroup;
			children = (
				BF9F841829E2E13C00B337D0 /* LoginView.swift */,
				BF9EC18429E30F29004CE411 /* RegistrationView.swift */,
				BF31097A29E3FCE7004C673D /* RegistrationForum.swift */,
			);
			path = Authentication;
			sourceTree = "<group>";
		};
		BF9F841B29E2E61400B337D0 /* Extensions */ = {
			isa = PBXGroup;
			children = (
				BF9F842729E2F4E500B337D0 /* ColorExtensions.swift */,
				BF0A0D3429F309CA0061C982 /* DateExtensions.swift */,
			);
			path = Extensions;
			sourceTree = "<group>";
		};
		BF9F842029E2E8A600B337D0 /* Shared */ = {
			isa = PBXGroup;
			children = (
				BF9F842329E2E8DE00B337D0 /* UnderlineTextField.swift */,
				BF9F842529E2F14A00B337D0 /* StyledButton.swift */,
				BF9EC18629E328D2004CE411 /* PasswordField.swift */,
			);
			path = Shared;
			sourceTree = "<group>";
		};
/* End PBXGroup section */

/* Begin PBXNativeTarget section */
		BF9F840029E2C30F00B337D0 /* ProRep */ = {
			isa = PBXNativeTarget;
			buildConfigurationList = BF9F840F29E2C31000B337D0 /* Build configuration list for PBXNativeTarget "ProRep" */;
			buildPhases = (
				BF9F83FD29E2C30F00B337D0 /* Sources */,
				BF9F83FE29E2C30F00B337D0 /* Frameworks */,
				BF9F83FF29E2C30F00B337D0 /* Resources */,
			);
			buildRules = (
			);
			dependencies = (
			);
			name = ProRep;
			packageProductDependencies = (
				BF9EC19129E33692004CE411 /* FirebaseAnalytics */,
				BF9EC19329E33692004CE411 /* FirebaseAnalyticsSwift */,
				BF9EC19529E33692004CE411 /* FirebaseAuth */,
				BF9EC19729E33692004CE411 /* FirebaseFirestore */,
				BF9EC19929E33692004CE411 /* FirebaseFirestoreSwift */,
				BF9EC19B29E33692004CE411 /* FirebaseStorage */,
				BF9EC1A129E33A6C004CE411 /* GoogleSignIn */,
				BF9EC1A329E33A6C004CE411 /* GoogleSignInSwift */,
			);
			productName = ProRep;
			productReference = BF9F840129E2C30F00B337D0 /* ProRep.app */;
			productType = "com.apple.product-type.application";
		};
/* End PBXNativeTarget section */

/* Begin PBXProject section */
		BF9F83F929E2C30F00B337D0 /* Project object */ = {
			isa = PBXProject;
			attributes = {
				BuildIndependentTargetsInParallel = 1;
				LastSwiftUpdateCheck = 1430;
				LastUpgradeCheck = 1430;
				TargetAttributes = {
					BF9F840029E2C30F00B337D0 = {
						CreatedOnToolsVersion = 14.3;
					};
				};
			};
			buildConfigurationList = BF9F83FC29E2C30F00B337D0 /* Build configuration list for PBXProject "ProRep" */;
			compatibilityVersion = "Xcode 14.0";
			developmentRegion = en;
			hasScannedForEncodings = 0;
			knownRegions = (
				en,
				Base,
			);
			mainGroup = BF9F83F829E2C30F00B337D0;
			packageReferences = (
				BF9EC19029E33692004CE411 /* XCRemoteSwiftPackageReference "firebase-ios-sdk" */,
				BF9EC1A029E33A6C004CE411 /* XCRemoteSwiftPackageReference "GoogleSignIn-iOS" */,
			);
			productRefGroup = BF9F840229E2C30F00B337D0 /* Products */;
			projectDirPath = "";
			projectRoot = "";
			targets = (
				BF9F840029E2C30F00B337D0 /* ProRep */,
			);
		};
/* End PBXProject section */

/* Begin PBXResourcesBuildPhase section */
		BF9F83FF29E2C30F00B337D0 /* Resources */ = {
			isa = PBXResourcesBuildPhase;
			buildActionMask = 2147483647;
			files = (
				BF9F840C29E2C31000B337D0 /* Preview Assets.xcassets in Resources */,
				BF9F840929E2C31000B337D0 /* Assets.xcassets in Resources */,
				BF9EC18F29E335CF004CE411 /* GoogleService-Info.plist in Resources */,
			);
			runOnlyForDeploymentPostprocessing = 0;
		};
/* End PBXResourcesBuildPhase section */

/* Begin PBXSourcesBuildPhase section */
		BF9F83FD29E2C30F00B337D0 /* Sources */ = {
			isa = PBXSourcesBuildPhase;
			buildActionMask = 2147483647;
			files = (
				BF31097729E36E53004C673D /* UserService.swift in Sources */,
				BF2DFC3929E4AF2900E58DE7 /* RegistrationViewModel.swift in Sources */,
				BF9F842629E2F14A00B337D0 /* StyledButton.swift in Sources */,
				BF2DFC3E29E54BDE00E58DE7 /* Validate.swift in Sources */,
				BF9F842429E2E8DE00B337D0 /* UnderlineTextField.swift in Sources */,
				BFEA095A29EC420A0075C4CB /* ScheduleService.swift in Sources */,
				BF9F841929E2E13C00B337D0 /* LoginView.swift in Sources */,
				BF9EC18529E30F29004CE411 /* RegistrationView.swift in Sources */,
				BF028AE329E4A419003B3338 /* SignInWithEmail.swift in Sources */,
				BF9EC19F29E33821004CE411 /* SignInWithGoogle.swift in Sources */,
				BF028AE529E4A570003B3338 /* CustomErrors.swift in Sources */,
				BF89E4CB29E9744B00B77FD0 /* DashboardView.swift in Sources */,
				BF31097B29E3FCE7004C673D /* RegistrationForum.swift in Sources */,
				BF9F840729E2C30F00B337D0 /* ContentView.swift in Sources */,
				BF9EC18729E328D2004CE411 /* PasswordField.swift in Sources */,
				BF93525D29EBF32800B54FE5 /* DashboardViewModel.swift in Sources */,
				BF31097529E3652D004C673D /* LoginViewModel.swift in Sources */,
				BF31097329E359FD004C673D /* CurrentUserDefaults.swift in Sources */,
				BF93526229EBF96F00B54FE5 /* ExerciseGroupModel.swift in Sources */,
				BF9EC1A729E348A5004CE411 /* AuthService.swift in Sources */,
				BF9F840529E2C30F00B337D0 /* ProRepApp.swift in Sources */,
				BF31097929E3F9AC004C673D /* UserModel.swift in Sources */,
				BF2DFC3B29E4AF3A00E58DE7 /* RegistrationForumViewModel.swift in Sources */,
				BF89E4CD29E9839500B77FD0 /* DayButton.swift in Sources */,
				BF9F842829E2F4E500B337D0 /* ColorExtensions.swift in Sources */,
				BF0A0D3529F309CA0061C982 /* DateExtensions.swift in Sources */,
			);
			runOnlyForDeploymentPostprocessing = 0;
		};
/* End PBXSourcesBuildPhase section */

/* Begin XCBuildConfiguration section */
		BF9F840D29E2C31000B337D0 /* Debug */ = {
			isa = XCBuildConfiguration;
			buildSettings = {
				ALWAYS_SEARCH_USER_PATHS = NO;
				CLANG_ANALYZER_NONNULL = YES;
				CLANG_ANALYZER_NUMBER_OBJECT_CONVERSION = YES_AGGRESSIVE;
				CLANG_CXX_LANGUAGE_STANDARD = "gnu++20";
				CLANG_ENABLE_MODULES = YES;
				CLANG_ENABLE_OBJC_ARC = YES;
				CLANG_ENABLE_OBJC_WEAK = YES;
				CLANG_WARN_BLOCK_CAPTURE_AUTORELEASING = YES;
				CLANG_WARN_BOOL_CONVERSION = YES;
				CLANG_WARN_COMMA = YES;
				CLANG_WARN_CONSTANT_CONVERSION = YES;
				CLANG_WARN_DEPRECATED_OBJC_IMPLEMENTATIONS = YES;
				CLANG_WARN_DIRECT_OBJC_ISA_USAGE = YES_ERROR;
				CLANG_WARN_DOCUMENTATION_COMMENTS = YES;
				CLANG_WARN_EMPTY_BODY = YES;
				CLANG_WARN_ENUM_CONVERSION = YES;
				CLANG_WARN_INFINITE_RECURSION = YES;
				CLANG_WARN_INT_CONVERSION = YES;
				CLANG_WARN_NON_LITERAL_NULL_CONVERSION = YES;
				CLANG_WARN_OBJC_IMPLICIT_RETAIN_SELF = YES;
				CLANG_WARN_OBJC_LITERAL_CONVERSION = YES;
				CLANG_WARN_OBJC_ROOT_CLASS = YES_ERROR;
				CLANG_WARN_QUOTED_INCLUDE_IN_FRAMEWORK_HEADER = YES;
				CLANG_WARN_RANGE_LOOP_ANALYSIS = YES;
				CLANG_WARN_STRICT_PROTOTYPES = YES;
				CLANG_WARN_SUSPICIOUS_MOVE = YES;
				CLANG_WARN_UNGUARDED_AVAILABILITY = YES_AGGRESSIVE;
				CLANG_WARN_UNREACHABLE_CODE = YES;
				CLANG_WARN__DUPLICATE_METHOD_MATCH = YES;
				COPY_PHASE_STRIP = NO;
				DEBUG_INFORMATION_FORMAT = dwarf;
				ENABLE_STRICT_OBJC_MSGSEND = YES;
				ENABLE_TESTABILITY = YES;
				GCC_C_LANGUAGE_STANDARD = gnu11;
				GCC_DYNAMIC_NO_PIC = NO;
				GCC_NO_COMMON_BLOCKS = YES;
				GCC_OPTIMIZATION_LEVEL = 0;
				GCC_PREPROCESSOR_DEFINITIONS = (
					"DEBUG=1",
					"$(inherited)",
				);
				GCC_WARN_64_TO_32_BIT_CONVERSION = YES;
				GCC_WARN_ABOUT_RETURN_TYPE = YES_ERROR;
				GCC_WARN_UNDECLARED_SELECTOR = YES;
				GCC_WARN_UNINITIALIZED_AUTOS = YES_AGGRESSIVE;
				GCC_WARN_UNUSED_FUNCTION = YES;
				GCC_WARN_UNUSED_VARIABLE = YES;
				IPHONEOS_DEPLOYMENT_TARGET = 16.4;
				MTL_ENABLE_DEBUG_INFO = INCLUDE_SOURCE;
				MTL_FAST_MATH = YES;
				ONLY_ACTIVE_ARCH = YES;
				SDKROOT = iphoneos;
				SWIFT_ACTIVE_COMPILATION_CONDITIONS = DEBUG;
				SWIFT_OPTIMIZATION_LEVEL = "-Onone";
			};
			name = Debug;
		};
		BF9F840E29E2C31000B337D0 /* Release */ = {
			isa = XCBuildConfiguration;
			buildSettings = {
				ALWAYS_SEARCH_USER_PATHS = NO;
				CLANG_ANALYZER_NONNULL = YES;
				CLANG_ANALYZER_NUMBER_OBJECT_CONVERSION = YES_AGGRESSIVE;
				CLANG_CXX_LANGUAGE_STANDARD = "gnu++20";
				CLANG_ENABLE_MODULES = YES;
				CLANG_ENABLE_OBJC_ARC = YES;
				CLANG_ENABLE_OBJC_WEAK = YES;
				CLANG_WARN_BLOCK_CAPTURE_AUTORELEASING = YES;
				CLANG_WARN_BOOL_CONVERSION = YES;
				CLANG_WARN_COMMA = YES;
				CLANG_WARN_CONSTANT_CONVERSION = YES;
				CLANG_WARN_DEPRECATED_OBJC_IMPLEMENTATIONS = YES;
				CLANG_WARN_DIRECT_OBJC_ISA_USAGE = YES_ERROR;
				CLANG_WARN_DOCUMENTATION_COMMENTS = YES;
				CLANG_WARN_EMPTY_BODY = YES;
				CLANG_WARN_ENUM_CONVERSION = YES;
				CLANG_WARN_INFINITE_RECURSION = YES;
				CLANG_WARN_INT_CONVERSION = YES;
				CLANG_WARN_NON_LITERAL_NULL_CONVERSION = YES;
				CLANG_WARN_OBJC_IMPLICIT_RETAIN_SELF = YES;
				CLANG_WARN_OBJC_LITERAL_CONVERSION = YES;
				CLANG_WARN_OBJC_ROOT_CLASS = YES_ERROR;
				CLANG_WARN_QUOTED_INCLUDE_IN_FRAMEWORK_HEADER = YES;
				CLANG_WARN_RANGE_LOOP_ANALYSIS = YES;
				CLANG_WARN_STRICT_PROTOTYPES = YES;
				CLANG_WARN_SUSPICIOUS_MOVE = YES;
				CLANG_WARN_UNGUARDED_AVAILABILITY = YES_AGGRESSIVE;
				CLANG_WARN_UNREACHABLE_CODE = YES;
				CLANG_WARN__DUPLICATE_METHOD_MATCH = YES;
				COPY_PHASE_STRIP = NO;
				DEBUG_INFORMATION_FORMAT = "dwarf-with-dsym";
				ENABLE_NS_ASSERTIONS = NO;
				ENABLE_STRICT_OBJC_MSGSEND = YES;
				GCC_C_LANGUAGE_STANDARD = gnu11;
				GCC_NO_COMMON_BLOCKS = YES;
				GCC_WARN_64_TO_32_BIT_CONVERSION = YES;
				GCC_WARN_ABOUT_RETURN_TYPE = YES_ERROR;
				GCC_WARN_UNDECLARED_SELECTOR = YES;
				GCC_WARN_UNINITIALIZED_AUTOS = YES_AGGRESSIVE;
				GCC_WARN_UNUSED_FUNCTION = YES;
				GCC_WARN_UNUSED_VARIABLE = YES;
				IPHONEOS_DEPLOYMENT_TARGET = 16.4;
				MTL_ENABLE_DEBUG_INFO = NO;
				MTL_FAST_MATH = YES;
				SDKROOT = iphoneos;
				SWIFT_COMPILATION_MODE = wholemodule;
				SWIFT_OPTIMIZATION_LEVEL = "-O";
				VALIDATE_PRODUCT = YES;
			};
			name = Release;
		};
		BF9F841029E2C31000B337D0 /* Debug */ = {
			isa = XCBuildConfiguration;
			buildSettings = {
				ASSETCATALOG_COMPILER_APPICON_NAME = AppIcon;
				ASSETCATALOG_COMPILER_GLOBAL_ACCENT_COLOR_NAME = AccentColor;
				CODE_SIGN_STYLE = Automatic;
				CURRENT_PROJECT_VERSION = 1;
				DEVELOPMENT_ASSET_PATHS = "\"ProRep/Preview Content\"";
				DEVELOPMENT_TEAM = DFQ436LQY9;
				ENABLE_PREVIEWS = YES;
				GENERATE_INFOPLIST_FILE = YES;
				INFOPLIST_FILE = ProRep/Info.plist;
				INFOPLIST_KEY_UIApplicationSceneManifest_Generation = YES;
				INFOPLIST_KEY_UIApplicationSupportsIndirectInputEvents = YES;
				INFOPLIST_KEY_UILaunchScreen_Generation = YES;
				INFOPLIST_KEY_UISupportedInterfaceOrientations_iPad = "UIInterfaceOrientationPortrait UIInterfaceOrientationPortraitUpsideDown UIInterfaceOrientationLandscapeLeft UIInterfaceOrientationLandscapeRight";
				INFOPLIST_KEY_UISupportedInterfaceOrientations_iPhone = "UIInterfaceOrientationPortrait UIInterfaceOrientationLandscapeLeft UIInterfaceOrientationLandscapeRight";
				LD_RUNPATH_SEARCH_PATHS = (
					"$(inherited)",
					"@executable_path/Frameworks",
				);
				MARKETING_VERSION = 1.0;
				PRODUCT_BUNDLE_IDENTIFIER = com.qiangloozen.ProRep;
				PRODUCT_NAME = "$(TARGET_NAME)";
				SWIFT_EMIT_LOC_STRINGS = YES;
				SWIFT_VERSION = 5.0;
				TARGETED_DEVICE_FAMILY = "1,2";
			};
			name = Debug;
		};
		BF9F841129E2C31000B337D0 /* Release */ = {
			isa = XCBuildConfiguration;
			buildSettings = {
				ASSETCATALOG_COMPILER_APPICON_NAME = AppIcon;
				ASSETCATALOG_COMPILER_GLOBAL_ACCENT_COLOR_NAME = AccentColor;
				CODE_SIGN_STYLE = Automatic;
				CURRENT_PROJECT_VERSION = 1;
				DEVELOPMENT_ASSET_PATHS = "\"ProRep/Preview Content\"";
				DEVELOPMENT_TEAM = DFQ436LQY9;
				ENABLE_PREVIEWS = YES;
				GENERATE_INFOPLIST_FILE = YES;
				INFOPLIST_FILE = ProRep/Info.plist;
				INFOPLIST_KEY_UIApplicationSceneManifest_Generation = YES;
				INFOPLIST_KEY_UIApplicationSupportsIndirectInputEvents = YES;
				INFOPLIST_KEY_UILaunchScreen_Generation = YES;
				INFOPLIST_KEY_UISupportedInterfaceOrientations_iPad = "UIInterfaceOrientationPortrait UIInterfaceOrientationPortraitUpsideDown UIInterfaceOrientationLandscapeLeft UIInterfaceOrientationLandscapeRight";
				INFOPLIST_KEY_UISupportedInterfaceOrientations_iPhone = "UIInterfaceOrientationPortrait UIInterfaceOrientationLandscapeLeft UIInterfaceOrientationLandscapeRight";
				LD_RUNPATH_SEARCH_PATHS = (
					"$(inherited)",
					"@executable_path/Frameworks",
				);
				MARKETING_VERSION = 1.0;
				PRODUCT_BUNDLE_IDENTIFIER = com.qiangloozen.ProRep;
				PRODUCT_NAME = "$(TARGET_NAME)";
				SWIFT_EMIT_LOC_STRINGS = YES;
				SWIFT_VERSION = 5.0;
				TARGETED_DEVICE_FAMILY = "1,2";
			};
			name = Release;
		};
/* End XCBuildConfiguration section */

/* Begin XCConfigurationList section */
		BF9F83FC29E2C30F00B337D0 /* Build configuration list for PBXProject "ProRep" */ = {
			isa = XCConfigurationList;
			buildConfigurations = (
				BF9F840D29E2C31000B337D0 /* Debug */,
				BF9F840E29E2C31000B337D0 /* Release */,
			);
			defaultConfigurationIsVisible = 0;
			defaultConfigurationName = Release;
		};
		BF9F840F29E2C31000B337D0 /* Build configuration list for PBXNativeTarget "ProRep" */ = {
			isa = XCConfigurationList;
			buildConfigurations = (
				BF9F841029E2C31000B337D0 /* Debug */,
				BF9F841129E2C31000B337D0 /* Release */,
			);
			defaultConfigurationIsVisible = 0;
			defaultConfigurationName = Release;
		};
/* End XCConfigurationList section */

/* Begin XCRemoteSwiftPackageReference section */
		BF9EC19029E33692004CE411 /* XCRemoteSwiftPackageReference "firebase-ios-sdk" */ = {
			isa = XCRemoteSwiftPackageReference;
			repositoryURL = "https://github.com/firebase/firebase-ios-sdk";
			requirement = {
				kind = upToNextMajorVersion;
				minimumVersion = 10.0.0;
			};
		};
		BF9EC1A029E33A6C004CE411 /* XCRemoteSwiftPackageReference "GoogleSignIn-iOS" */ = {
			isa = XCRemoteSwiftPackageReference;
			repositoryURL = "https://github.com/google/GoogleSignIn-iOS";
			requirement = {
				kind = upToNextMajorVersion;
				minimumVersion = 7.0.0;
			};
		};
/* End XCRemoteSwiftPackageReference section */

/* Begin XCSwiftPackageProductDependency section */
		BF9EC19129E33692004CE411 /* FirebaseAnalytics */ = {
			isa = XCSwiftPackageProductDependency;
			package = BF9EC19029E33692004CE411 /* XCRemoteSwiftPackageReference "firebase-ios-sdk" */;
			productName = FirebaseAnalytics;
		};
		BF9EC19329E33692004CE411 /* FirebaseAnalyticsSwift */ = {
			isa = XCSwiftPackageProductDependency;
			package = BF9EC19029E33692004CE411 /* XCRemoteSwiftPackageReference "firebase-ios-sdk" */;
			productName = FirebaseAnalyticsSwift;
		};
		BF9EC19529E33692004CE411 /* FirebaseAuth */ = {
			isa = XCSwiftPackageProductDependency;
			package = BF9EC19029E33692004CE411 /* XCRemoteSwiftPackageReference "firebase-ios-sdk" */;
			productName = FirebaseAuth;
		};
		BF9EC19729E33692004CE411 /* FirebaseFirestore */ = {
			isa = XCSwiftPackageProductDependency;
			package = BF9EC19029E33692004CE411 /* XCRemoteSwiftPackageReference "firebase-ios-sdk" */;
			productName = FirebaseFirestore;
		};
		BF9EC19929E33692004CE411 /* FirebaseFirestoreSwift */ = {
			isa = XCSwiftPackageProductDependency;
			package = BF9EC19029E33692004CE411 /* XCRemoteSwiftPackageReference "firebase-ios-sdk" */;
			productName = FirebaseFirestoreSwift;
		};
		BF9EC19B29E33692004CE411 /* FirebaseStorage */ = {
			isa = XCSwiftPackageProductDependency;
			package = BF9EC19029E33692004CE411 /* XCRemoteSwiftPackageReference "firebase-ios-sdk" */;
			productName = FirebaseStorage;
		};
		BF9EC1A129E33A6C004CE411 /* GoogleSignIn */ = {
			isa = XCSwiftPackageProductDependency;
			package = BF9EC1A029E33A6C004CE411 /* XCRemoteSwiftPackageReference "GoogleSignIn-iOS" */;
			productName = GoogleSignIn;
		};
		BF9EC1A329E33A6C004CE411 /* GoogleSignInSwift */ = {
			isa = XCSwiftPackageProductDependency;
			package = BF9EC1A029E33A6C004CE411 /* XCRemoteSwiftPackageReference "GoogleSignIn-iOS" */;
			productName = GoogleSignInSwift;
		};
/* End XCSwiftPackageProductDependency section */
	};
	rootObject = BF9F83F929E2C30F00B337D0 /* Project object */;
}
